{
    "_readme": [
        "This file locks the dependencies of your project to a known state",
        "Read more about it at https://getcomposer.org/doc/01-basic-usage.md#installing-dependencies",
        "This file is @generated automatically"
    ],
    "content-hash": "175b185e8f145984383e0d1f0b0bda5d",
    "packages": [
        {
            "name": "suxianjia/xianjialogwriter",
            "version": "v1.0.2",
            "source": {
                "type": "git",
                "url": "https://github.com/suxianjia/xianjialogwriter.git",
                "reference": "13d62511057b70e8e8ff638e6655e6bae76bad75"
            },
            "dist": {
                "type": "zip",
                "url": "https://api.github.com/repos/suxianjia/xianjialogwriter/zipball/13d62511057b70e8e8ff638e6655e6bae76bad75",
                "reference": "13d62511057b70e8e8ff638e6655e6bae76bad75",
                "shasum": ""
            },
            "require": {
                "php": "^8.0|>=8.3.3"
            },
            "type": "library",
            "autoload": {
                "psr-4": {
                    "Suxianjia\\xianjialogwriter\\": "src/"
                }
            },
            "notification-url": "https://packagist.org/downloads/",
            "authors": [
                {
                    "name": "xianjia",
                    "email": "605011288@qq.com"
                }
            ],
            "description": "xianjialogwriter",
            "support": {
                "issues": "https://github.com/suxianjia/xianjialogwriter/issues",
                "source": "https://github.com/suxianjia/xianjialogwriter/tree/v1.0.2"
            },
            "time": "2025-04-23T00:16:08+00:00"
        },
        {
            "name": "suxianjia/xianjiaorm",
            "version": "v2.0.9",
            "source": {
                "type": "git",
                "url": "https://github.com/suxianjia/xianjiaorm.git",
                "reference": "044e91667468c2ad98ca546c1d1397d0a7773595"
            },
            "dist": {
                "type": "zip",
                "url": "https://api.github.com/repos/suxianjia/xianjiaorm/zipball/044e91667468c2ad98ca546c1d1397d0a7773595",
                "reference": "044e91667468c2ad98ca546c1d1397d0a7773595",
                "shasum": ""
            },
            "require": {
                "php": "^8.0|>=8.3.3",
                "suxianjia/xianjialogwriter": "^1.0"
            },
            "type": "library",
            "autoload": {
                "psr-4": {
                    "Suxianjia\\xianjiaorm\\": "src/"
                }
            },
            "notification-url": "https://packagist.org/downloads/",
            "authors": [
                {
                    "name": "xianjia",
                    "email": "605011288@qq.com"
                }
            ],
            "description": "xianjiaorm",
            "support": {
                "issues": "https://github.com/suxianjia/xianjiaorm/issues",
                "source": "https://github.com/suxianjia/xianjiaorm/tree/v2.0.9"
            },
            "time": "2025-04-24T00:41:45+00:00"
        }
    ],
    "packages-dev": [],
    "aliases": [],
    "minimum-stability": "stable",
    "stability-flags": {},
    "prefer-stable": false,
    "prefer-lowest": false,
    "platform": {
        "php": "^8.0|>=8.3.3",
        "ext-pdo": "*",
        "ext-xmlwriter": "*"
    },
    "platform-dev": {},
    "plugin-api-version": "2.6.0"
}
